// !$*UTF8*$!
{
	archiveVersion = 1;
	classes = {
	};
	objectVersion = 77;
	objects = {

/* Begin PBXBuildFile section */
		00CE4E605010BDF7D2B57FCB /* ActionNode.swift in Sources */ = {isa = PBXBuildFile; fileRef = A663BD7362E0C5445528C4F1 /* ActionNode.swift */; };
		03BE0E0A2BE4CD13C915121A /* ScriptableClip.swift in Sources */ = {isa = PBXBuildFile; fileRef = 620B8F52759F74FEBF46E0F1 /* ScriptableClip.swift */; };
		21AD2E3FCA0D9D76AC02FA23 /* LegacyMigration.swift in Sources */ = {isa = PBXBuildFile; fileRef = 42B59EEB0DCCE6D695636F67 /* LegacyMigration.swift */; };
		2F8F707D3AF29A98FCBA6CAF /* ClipsService.swift in Sources */ = {isa = PBXBuildFile; fileRef = A83BE5811A4FB6A1DB019AC2 /* ClipsService.swift */; };
		34EB7B9526F4C2AAF8291A23 /* ClipboardMonitor.swift in Sources */ = {isa = PBXBuildFile; fileRef = 9075790B975D02A5039621CB /* ClipboardMonitor.swift */; };
		40A1F4EED97AF8553F7672B0 /* EnvironmentKeys.swift in Sources */ = {isa = PBXBuildFile; fileRef = DC267D67332120F313F7EA31 /* EnvironmentKeys.swift */; };
		4611B4DE54886E009EE9970F /* SnippetsPrefsView.swift in Sources */ = {isa = PBXBuildFile; fileRef = 19473B9E42EE0B4041018F4D /* SnippetsPrefsView.swift */; };
		49010720EA3588BD56645417 /* Snippet.swift in Sources */ = {isa = PBXBuildFile; fileRef = B60996BF476330FFB6501381 /* Snippet.swift */; };
		529A9D03AD998DAE8ADB2A00 /* MenuPrefsView.swift in Sources */ = {isa = PBXBuildFile; fileRef = C53F23FA57EE7251E7DC8C6E /* MenuPrefsView.swift */; };
		5F656B886B8F29CC5617F8BB /* ClipMenuApp+Scenes.swift in Sources */ = {isa = PBXBuildFile; fileRef = 4ED996E53C34CFD8C7D0310C /* ClipMenuApp+Scenes.swift */; };
		609E344BBBB03FD8514E6C91 /* ClipMenuSettings.swift in Sources */ = {isa = PBXBuildFile; fileRef = 29576F23AAFF791919F37AA2 /* ClipMenuSettings.swift */; };
		6F1C323AB9B0297F0E353CCF /* ClipMenuItem.swift in Sources */ = {isa = PBXBuildFile; fileRef = 0016B43E0CACE631C4CC81B1 /* ClipMenuItem.swift */; };
		76969A92D3459A30D0C7A6E2 /* AppRuntime.swift in Sources */ = {isa = PBXBuildFile; fileRef = 0E215E86DBA662D409E0C3E8 /* AppRuntime.swift */; };
		80C5101B8CC05DF5E188A131 /* ClipMenuApp.swift in Sources */ = {isa = PBXBuildFile; fileRef = 0CDD26CD466BFA583E75E608 /* ClipMenuApp.swift */; };
		87A7B382426FBCFEB7553409 /* SnippetFolder.swift in Sources */ = {isa = PBXBuildFile; fileRef = BAD0F7706C0E03012259C58E /* SnippetFolder.swift */; };
		936E1E26F533AC6B39414F5D /* GeneralPrefsView.swift in Sources */ = {isa = PBXBuildFile; fileRef = 2761ACB3529E51DE835B8478 /* GeneralPrefsView.swift */; };
		951A172FEC26A436F6BC3232 /* ClipEntry.swift in Sources */ = {isa = PBXBuildFile; fileRef = AA18E6BAC3B61463FBA61589 /* ClipEntry.swift */; };
		9A4C53BF9C1CD72C0D832BAF /* ActionService.swift in Sources */ = {isa = PBXBuildFile; fileRef = 0CD6C21C72EE5244BB1D7613 /* ActionService.swift */; };
		9BB7C546A30CC1666078A52B /* ShortcutsPrefsView.swift in Sources */ = {isa = PBXBuildFile; fileRef = 137B169B289424AA2C053F6E /* ShortcutsPrefsView.swift */; };
		A4C24CFC70012228839FBA18 /* ScriptEngine.swift in Sources */ = {isa = PBXBuildFile; fileRef = 30E03F362BFE6F8406DB1DEB /* ScriptEngine.swift */; };
		A50FD9C591A6F8E6E86F6075 /* SnippetSection.swift in Sources */ = {isa = PBXBuildFile; fileRef = 83A17B48EFB6F8C9C5953E6C /* SnippetSection.swift */; };
		A976327DD179929219A27364 /* AppDelegate.swift in Sources */ = {isa = PBXBuildFile; fileRef = 630C393A150A0A2DD37B2D11 /* AppDelegate.swift */; };
		B7B65D3023B9F10BA44E782E /* PreferencesView.swift in Sources */ = {isa = PBXBuildFile; fileRef = F425B2066AB9B7524D4770CD /* PreferencesView.swift */; };
		BA02CE3D4BA737DCD6AC686A /* ClipMenuView.swift in Sources */ = {isa = PBXBuildFile; fileRef = AFC2785BEDC95DB32BD21552 /* ClipMenuView.swift */; };
		BDE2E92131BD9586D21FB6FD /* SnippetService.swift in Sources */ = {isa = PBXBuildFile; fileRef = D4616EE385FA381E5A043060 /* SnippetService.swift */; };
		CBE9A7D84EC7FB0CD880BA51 /* PasteService.swift in Sources */ = {isa = PBXBuildFile; fileRef = D443B0D12EBBA794375C2643 /* PasteService.swift */; };
		D54B008B6D9741A0002054BB /* LoginItemService.swift in Sources */ = {isa = PBXBuildFile; fileRef = B48E46B042ACC84B0F6F1766 /* LoginItemService.swift */; };
		E1DFEA8B6C7669DFC34FBC0C /* HotkeyService.swift in Sources */ = {isa = PBXBuildFile; fileRef = EBDD749FF754FE72E7DB47E6 /* HotkeyService.swift */; };
		E3A5BEAC6D55B0DBE1B56388 /* ActionSection.swift in Sources */ = {isa = PBXBuildFile; fileRef = 9E6321E93388B5BFB5F35292 /* ActionSection.swift */; };
		F89987AC92544F66743A4CC7 /* ActionsPrefsView.swift in Sources */ = {isa = PBXBuildFile; fileRef = 0F33CC09804F1E54781E0EBD /* ActionsPrefsView.swift */; };
		F9343715F430A05D2DD97E34 /* AppExclusionService.swift in Sources */ = {isa = PBXBuildFile; fileRef = 6CA10EBC72D8E5AE80FF0F4E /* AppExclusionService.swift */; };
		FD1AC14BA0BC211BB0749243 /* KeyboardShortcuts in Frameworks */ = {isa = PBXBuildFile; productRef = D3A2344418DAEC005417850D /* KeyboardShortcuts */; };
/* End PBXBuildFile section */

/* Begin PBXFileReference section */
		0016B43E0CACE631C4CC81B1 /* ClipMenuItem.swift */ = {isa = PBXFileReference; lastKnownFileType = sourcecode.swift; path = ClipMenuItem.swift; sourceTree = "<group>"; };
		0CD6C21C72EE5244BB1D7613 /* ActionService.swift */ = {isa = PBXFileReference; lastKnownFileType = sourcecode.swift; path = ActionService.swift; sourceTree = "<group>"; };
		0CDD26CD466BFA583E75E608 /* ClipMenuApp.swift */ = {isa = PBXFileReference; lastKnownFileType = sourcecode.swift; path = ClipMenuApp.swift; sourceTree = "<group>"; };
		0E215E86DBA662D409E0C3E8 /* AppRuntime.swift */ = {isa = PBXFileReference; lastKnownFileType = sourcecode.swift; path = AppRuntime.swift; sourceTree = "<group>"; };
		0F33CC09804F1E54781E0EBD /* ActionsPrefsView.swift */ = {isa = PBXFileReference; lastKnownFileType = sourcecode.swift; path = ActionsPrefsView.swift; sourceTree = "<group>"; };
		137B169B289424AA2C053F6E /* ShortcutsPrefsView.swift */ = {isa = PBXFileReference; lastKnownFileType = sourcecode.swift; path = ShortcutsPrefsView.swift; sourceTree = "<group>"; };
		179AF605EB49F693BF4AD85E /* migration.md */ = {isa = PBXFileReference; lastKnownFileType = net.daringfireball.markdown; path = migration.md; sourceTree = "<group>"; };
		19473B9E42EE0B4041018F4D /* SnippetsPrefsView.swift */ = {isa = PBXFileReference; lastKnownFileType = sourcecode.swift; path = SnippetsPrefsView.swift; sourceTree = "<group>"; };
		1AAA8A2C77102B5966216536 /* LICENSE */ = {isa = PBXFileReference; path = LICENSE; sourceTree = "<group>"; };
		2761ACB3529E51DE835B8478 /* GeneralPrefsView.swift */ = {isa = PBXFileReference; lastKnownFileType = sourcecode.swift; path = GeneralPrefsView.swift; sourceTree = "<group>"; };
		29576F23AAFF791919F37AA2 /* ClipMenuSettings.swift */ = {isa = PBXFileReference; lastKnownFileType = sourcecode.swift; path = ClipMenuSettings.swift; sourceTree = "<group>"; };
		30E03F362BFE6F8406DB1DEB /* ScriptEngine.swift */ = {isa = PBXFileReference; lastKnownFileType = sourcecode.swift; path = ScriptEngine.swift; sourceTree = "<group>"; };
		30F9D13D4936E1E652C416E4 /* enhancements.md */ = {isa = PBXFileReference; lastKnownFileType = net.daringfireball.markdown; path = enhancements.md; sourceTree = "<group>"; };
		42B59EEB0DCCE6D695636F67 /* LegacyMigration.swift */ = {isa = PBXFileReference; lastKnownFileType = sourcecode.swift; path = LegacyMigration.swift; sourceTree = "<group>"; };
		49876023CA687002F8002CBC /* JavaScriptアクションの書き方.txt */ = {isa = PBXFileReference; lastKnownFileType = text; path = "JavaScriptアクションの書き方.txt"; sourceTree = "<group>"; };
		4B34871F4041DDF5A7D98840 /* features.md */ = {isa = PBXFileReference; lastKnownFileType = net.daringfireball.markdown; path = features.md; sourceTree = "<group>"; };
		4ED996E53C34CFD8C7D0310C /* ClipMenuApp+Scenes.swift */ = {isa = PBXFileReference; lastKnownFileType = sourcecode.swift; path = "ClipMenuApp+Scenes.swift"; sourceTree = "<group>"; };
		5658921DF2A880EDEE8DFABB /* release_note_ja.html */ = {isa = PBXFileReference; lastKnownFileType = text.html; path = release_note_ja.html; sourceTree = "<group>"; };
		620B8F52759F74FEBF46E0F1 /* ScriptableClip.swift */ = {isa = PBXFileReference; lastKnownFileType = sourcecode.swift; path = ScriptableClip.swift; sourceTree = "<group>"; };
		62662520F05129C2F1ECA59C /* ReadMe (Japanese).rtfd */ = {isa = PBXFileReference; lastKnownFileType = wrapper.rtfd; path = "ReadMe (Japanese).rtfd"; sourceTree = "<group>"; };
		630C393A150A0A2DD37B2D11 /* AppDelegate.swift */ = {isa = PBXFileReference; lastKnownFileType = sourcecode.swift; path = AppDelegate.swift; sourceTree = "<group>"; };
		6CA10EBC72D8E5AE80FF0F4E /* AppExclusionService.swift */ = {isa = PBXFileReference; lastKnownFileType = sourcecode.swift; path = AppExclusionService.swift; sourceTree = "<group>"; };
		83A17B48EFB6F8C9C5953E6C /* SnippetSection.swift */ = {isa = PBXFileReference; lastKnownFileType = sourcecode.swift; path = SnippetSection.swift; sourceTree = "<group>"; };
		8480717B6E5E00346D1A2B51 /* README.md */ = {isa = PBXFileReference; lastKnownFileType = net.daringfireball.markdown; path = README.md; sourceTree = "<group>"; };
		9075790B975D02A5039621CB /* ClipboardMonitor.swift */ = {isa = PBXFileReference; lastKnownFileType = sourcecode.swift; path = ClipboardMonitor.swift; sourceTree = "<group>"; };
		9E6321E93388B5BFB5F35292 /* ActionSection.swift */ = {isa = PBXFileReference; lastKnownFileType = sourcecode.swift; path = ActionSection.swift; sourceTree = "<group>"; };
		A663BD7362E0C5445528C4F1 /* ActionNode.swift */ = {isa = PBXFileReference; lastKnownFileType = sourcecode.swift; path = ActionNode.swift; sourceTree = "<group>"; };
		A83BE5811A4FB6A1DB019AC2 /* ClipsService.swift */ = {isa = PBXFileReference; lastKnownFileType = sourcecode.swift; path = ClipsService.swift; sourceTree = "<group>"; };
		AA18E6BAC3B61463FBA61589 /* ClipEntry.swift */ = {isa = PBXFileReference; lastKnownFileType = sourcecode.swift; path = ClipEntry.swift; sourceTree = "<group>"; };
		AE6E1C2B11B47F58BD83816D /* ClipMenu.app */ = {isa = PBXFileReference; explicitFileType = wrapper.application; includeInIndex = 0; path = ClipMenu.app; sourceTree = BUILT_PRODUCTS_DIR; };
		AEC26F1A30437471626D2578 /* VersionHistory-ja.yaml */ = {isa = PBXFileReference; lastKnownFileType = text.yaml; path = "VersionHistory-ja.yaml"; sourceTree = "<group>"; };
		AFC2785BEDC95DB32BD21552 /* ClipMenuView.swift */ = {isa = PBXFileReference; lastKnownFileType = sourcecode.swift; path = ClipMenuView.swift; sourceTree = "<group>"; };
		B11A04D2CD51A76FE707BEA1 /* project.yml */ = {isa = PBXFileReference; lastKnownFileType = text.yaml; path = project.yml; sourceTree = "<group>"; };
		B4070C5C34CA29D0646E6606 /* ClipMenu website.webloc */ = {isa = PBXFileReference; path = "ClipMenu website.webloc"; sourceTree = "<group>"; };
		B48E46B042ACC84B0F6F1766 /* LoginItemService.swift */ = {isa = PBXFileReference; lastKnownFileType = sourcecode.swift; path = LoginItemService.swift; sourceTree = "<group>"; };
		B60996BF476330FFB6501381 /* Snippet.swift */ = {isa = PBXFileReference; lastKnownFileType = sourcecode.swift; path = Snippet.swift; sourceTree = "<group>"; };
		BA400EEACE736B3818DA8A3E /* ReadMe.rtfd */ = {isa = PBXFileReference; lastKnownFileType = wrapper.rtfd; path = ReadMe.rtfd; sourceTree = "<group>"; };
		BAD0F7706C0E03012259C58E /* SnippetFolder.swift */ = {isa = PBXFileReference; lastKnownFileType = sourcecode.swift; path = SnippetFolder.swift; sourceTree = "<group>"; };
		BF6C0BE229E6930FA608401B /* ClipMenu.entitlements */ = {isa = PBXFileReference; lastKnownFileType = text.plist.entitlements; path = ClipMenu.entitlements; sourceTree = "<group>"; };
		BFA3C0115DA1665C86E95348 /* release_note.html */ = {isa = PBXFileReference; lastKnownFileType = text.html; path = release_note.html; sourceTree = "<group>"; };
		C53F23FA57EE7251E7DC8C6E /* MenuPrefsView.swift */ = {isa = PBXFileReference; lastKnownFileType = sourcecode.swift; path = MenuPrefsView.swift; sourceTree = "<group>"; };
		D443B0D12EBBA794375C2643 /* PasteService.swift */ = {isa = PBXFileReference; lastKnownFileType = sourcecode.swift; path = PasteService.swift; sourceTree = "<group>"; };
		D4616EE385FA381E5A043060 /* SnippetService.swift */ = {isa = PBXFileReference; lastKnownFileType = sourcecode.swift; path = SnippetService.swift; sourceTree = "<group>"; };
		DC267D67332120F313F7EA31 /* EnvironmentKeys.swift */ = {isa = PBXFileReference; lastKnownFileType = sourcecode.swift; path = EnvironmentKeys.swift; sourceTree = "<group>"; };
		EBDD749FF754FE72E7DB47E6 /* HotkeyService.swift */ = {isa = PBXFileReference; lastKnownFileType = sourcecode.swift; path = HotkeyService.swift; sourceTree = "<group>"; };
		EF4A999AFD48E89E62517C2E /* VersionHistory-en.yaml */ = {isa = PBXFileReference; lastKnownFileType = text.yaml; path = "VersionHistory-en.yaml"; sourceTree = "<group>"; };
		F425B2066AB9B7524D4770CD /* PreferencesView.swift */ = {isa = PBXFileReference; lastKnownFileType = sourcecode.swift; path = PreferencesView.swift; sourceTree = "<group>"; };
/* End PBXFileReference section */

/* Begin PBXFrameworksBuildPhase section */
		05B77AFF5C116FB1281714D4 /* Frameworks */ = {
			isa = PBXFrameworksBuildPhase;
			buildActionMask = 2147483647;
			files = (
				FD1AC14BA0BC211BB0749243 /* KeyboardShortcuts in Frameworks */,
			);
			runOnlyForDeploymentPostprocessing = 0;
		};
/* End PBXFrameworksBuildPhase section */

/* Begin PBXGroup section */
		1142AC27F2BF296FFE246D7B /* Preferences */ = {
			isa = PBXGroup;
			children = (
				0F33CC09804F1E54781E0EBD /* ActionsPrefsView.swift */,
				2761ACB3529E51DE835B8478 /* GeneralPrefsView.swift */,
				C53F23FA57EE7251E7DC8C6E /* MenuPrefsView.swift */,
				137B169B289424AA2C053F6E /* ShortcutsPrefsView.swift */,
				19473B9E42EE0B4041018F4D /* SnippetsPrefsView.swift */,
			);
			path = Preferences;
			sourceTree = "<group>";
		};
		12AB7FCEC38DF292A503660A /* Services */ = {
			isa = PBXGroup;
			children = (
				0CD6C21C72EE5244BB1D7613 /* ActionService.swift */,
				A83BE5811A4FB6A1DB019AC2 /* ClipsService.swift */,
				D4616EE385FA381E5A043060 /* SnippetService.swift */,
			);
			path = Services;
			sourceTree = "<group>";
		};
		199F3DF7DF875EB03BE65B06 /* doc */ = {
			isa = PBXGroup;
			children = (
				30F9D13D4936E1E652C416E4 /* enhancements.md */,
				4B34871F4041DDF5A7D98840 /* features.md */,
				179AF605EB49F693BF4AD85E /* migration.md */,
				5658921DF2A880EDEE8DFABB /* release_note_ja.html */,
				BFA3C0115DA1665C86E95348 /* release_note.html */,
				EF4A999AFD48E89E62517C2E /* VersionHistory-en.yaml */,
				AEC26F1A30437471626D2578 /* VersionHistory-ja.yaml */,
				A5BC4BE3A9FF28E3F8AFAF47 /* archive_contents */,
			);
			path = doc;
			sourceTree = "<group>";
		};
		1C3A17C357BB67EAD06E9BEC /* UI */ = {
			isa = PBXGroup;
			children = (
				9E6321E93388B5BFB5F35292 /* ActionSection.swift */,
				4ED996E53C34CFD8C7D0310C /* ClipMenuApp+Scenes.swift */,
				0016B43E0CACE631C4CC81B1 /* ClipMenuItem.swift */,
				AFC2785BEDC95DB32BD21552 /* ClipMenuView.swift */,
				F425B2066AB9B7524D4770CD /* PreferencesView.swift */,
				83A17B48EFB6F8C9C5953E6C /* SnippetSection.swift */,
				1142AC27F2BF296FFE246D7B /* Preferences */,
			);
			path = UI;
			sourceTree = "<group>";
		};
		27289B40538D236AA7D6F0B7 /* Migration */ = {
			isa = PBXGroup;
			children = (
				42B59EEB0DCCE6D695636F67 /* LegacyMigration.swift */,
			);
			path = Migration;
			sourceTree = "<group>";
		};
		4117F742CD5AC010C95693B2 /* Sources */ = {
			isa = PBXGroup;
			children = (
				74FEA5EF5C7BB7FFDB77A6FD /* App */,
				F755ED3311A8CB452BC467EB /* Infrastructure */,
				27289B40538D236AA7D6F0B7 /* Migration */,
				8E2DCB09DBCA5860A085715A /* Models */,
				F80EEF064FDAC5D578301DF2 /* Scripting */,
				12AB7FCEC38DF292A503660A /* Services */,
				A208D5DF7A819084D6B276BB /* Settings */,
				1C3A17C357BB67EAD06E9BEC /* UI */,
			);
			path = Sources;
			sourceTree = "<group>";
		};
		6859B965AEE7F3DFF1841686 = {
			isa = PBXGroup;
			children = (
				BF6C0BE229E6930FA608401B /* ClipMenu.entitlements */,
				1AAA8A2C77102B5966216536 /* LICENSE */,
				B11A04D2CD51A76FE707BEA1 /* project.yml */,
				8480717B6E5E00346D1A2B51 /* README.md */,
				199F3DF7DF875EB03BE65B06 /* doc */,
				4117F742CD5AC010C95693B2 /* Sources */,
				C90771EDF751C2E74AB91204 /* Products */,
			);
			sourceTree = "<group>";
		};
		74FEA5EF5C7BB7FFDB77A6FD /* App */ = {
			isa = PBXGroup;
			children = (
				630C393A150A0A2DD37B2D11 /* AppDelegate.swift */,
				0E215E86DBA662D409E0C3E8 /* AppRuntime.swift */,
				0CDD26CD466BFA583E75E608 /* ClipMenuApp.swift */,
				DC267D67332120F313F7EA31 /* EnvironmentKeys.swift */,
			);
			path = App;
			sourceTree = "<group>";
		};
		8E2DCB09DBCA5860A085715A /* Models */ = {
			isa = PBXGroup;
			children = (
				A663BD7362E0C5445528C4F1 /* ActionNode.swift */,
				AA18E6BAC3B61463FBA61589 /* ClipEntry.swift */,
				B60996BF476330FFB6501381 /* Snippet.swift */,
				BAD0F7706C0E03012259C58E /* SnippetFolder.swift */,
			);
			path = Models;
			sourceTree = "<group>";
		};
		A208D5DF7A819084D6B276BB /* Settings */ = {
			isa = PBXGroup;
			children = (
				29576F23AAFF791919F37AA2 /* ClipMenuSettings.swift */,
			);
			path = Settings;
			sourceTree = "<group>";
		};
		A5BC4BE3A9FF28E3F8AFAF47 /* archive_contents */ = {
			isa = PBXGroup;
			children = (
				B4070C5C34CA29D0646E6606 /* ClipMenu website.webloc */,
				49876023CA687002F8002CBC /* JavaScriptアクションの書き方.txt */,
				62662520F05129C2F1ECA59C /* ReadMe (Japanese).rtfd */,
				BA400EEACE736B3818DA8A3E /* ReadMe.rtfd */,
			);
			path = archive_contents;
			sourceTree = "<group>";
		};
		C90771EDF751C2E74AB91204 /* Products */ = {
			isa = PBXGroup;
			children = (
				AE6E1C2B11B47F58BD83816D /* ClipMenu.app */,
			);
			name = Products;
			sourceTree = "<group>";
		};
		F755ED3311A8CB452BC467EB /* Infrastructure */ = {
			isa = PBXGroup;
			children = (
				6CA10EBC72D8E5AE80FF0F4E /* AppExclusionService.swift */,
				9075790B975D02A5039621CB /* ClipboardMonitor.swift */,
				EBDD749FF754FE72E7DB47E6 /* HotkeyService.swift */,
				B48E46B042ACC84B0F6F1766 /* LoginItemService.swift */,
				D443B0D12EBBA794375C2643 /* PasteService.swift */,
			);
			path = Infrastructure;
			sourceTree = "<group>";
		};
		F80EEF064FDAC5D578301DF2 /* Scripting */ = {
			isa = PBXGroup;
			children = (
				620B8F52759F74FEBF46E0F1 /* ScriptableClip.swift */,
				30E03F362BFE6F8406DB1DEB /* ScriptEngine.swift */,
			);
			path = Scripting;
			sourceTree = "<group>";
		};
/* End PBXGroup section */

/* Begin PBXNativeTarget section */
		FB571C1A5EC141AC9E873616 /* ClipMenu */ = {
			isa = PBXNativeTarget;
			buildConfigurationList = E3B0307747AE67BBBB721575 /* Build configuration list for PBXNativeTarget "ClipMenu" */;
			buildPhases = (
				CB7BD82340923C1805AF65F6 /* Sources */,
				05B77AFF5C116FB1281714D4 /* Frameworks */,
			);
			buildRules = (
			);
			dependencies = (
			);
			name = ClipMenu;
			packageProductDependencies = (
				D3A2344418DAEC005417850D /* KeyboardShortcuts */,
			);
			productName = ClipMenu;
			productReference = AE6E1C2B11B47F58BD83816D /* ClipMenu.app */;
			productType = "com.apple.product-type.application";
		};
/* End PBXNativeTarget section */

/* Begin PBXProject section */
		C147721A06508A644C48BA07 /* Project object */ = {
			isa = PBXProject;
			attributes = {
				BuildIndependentTargetsInParallel = YES;
				LastUpgradeCheck = 1600;
				TargetAttributes = {
					FB571C1A5EC141AC9E873616 = {
						ProvisioningStyle = Automatic;
					};
				};
			};
			buildConfigurationList = 0B71DAA28DD07193080501BD /* Build configuration list for PBXProject "ClipMenu" */;
			developmentRegion = en;
			hasScannedForEncodings = 0;
			knownRegions = (
				Base,
				en,
			);
			mainGroup = 6859B965AEE7F3DFF1841686;
			minimizedProjectReferenceProxies = 1;
			packageReferences = (
				6EF56059E79D1ADDB3EB9054 /* XCRemoteSwiftPackageReference "KeyboardShortcuts" */,
			);
			preferredProjectObjectVersion = 77;
			productRefGroup = C90771EDF751C2E74AB91204 /* Products */;
			projectDirPath = "";
			projectRoot = "";
			targets = (
				FB571C1A5EC141AC9E873616 /* ClipMenu */,
			);
		};
/* End PBXProject section */

/* Begin PBXSourcesBuildPhase section */
		CB7BD82340923C1805AF65F6 /* Sources */ = {
			isa = PBXSourcesBuildPhase;
			buildActionMask = 2147483647;
			files = (
				00CE4E605010BDF7D2B57FCB /* ActionNode.swift in Sources */,
				E3A5BEAC6D55B0DBE1B56388 /* ActionSection.swift in Sources */,
				9A4C53BF9C1CD72C0D832BAF /* ActionService.swift in Sources */,
				F89987AC92544F66743A4CC7 /* ActionsPrefsView.swift in Sources */,
				A976327DD179929219A27364 /* AppDelegate.swift in Sources */,
				F9343715F430A05D2DD97E34 /* AppExclusionService.swift in Sources */,
				76969A92D3459A30D0C7A6E2 /* AppRuntime.swift in Sources */,
				951A172FEC26A436F6BC3232 /* ClipEntry.swift in Sources */,
				5F656B886B8F29CC5617F8BB /* ClipMenuApp+Scenes.swift in Sources */,
				80C5101B8CC05DF5E188A131 /* ClipMenuApp.swift in Sources */,
				6F1C323AB9B0297F0E353CCF /* ClipMenuItem.swift in Sources */,
				609E344BBBB03FD8514E6C91 /* ClipMenuSettings.swift in Sources */,
				BA02CE3D4BA737DCD6AC686A /* ClipMenuView.swift in Sources */,
				34EB7B9526F4C2AAF8291A23 /* ClipboardMonitor.swift in Sources */,
				2F8F707D3AF29A98FCBA6CAF /* ClipsService.swift in Sources */,
				40A1F4EED97AF8553F7672B0 /* EnvironmentKeys.swift in Sources */,
				936E1E26F533AC6B39414F5D /* GeneralPrefsView.swift in Sources */,
				E1DFEA8B6C7669DFC34FBC0C /* HotkeyService.swift in Sources */,
				21AD2E3FCA0D9D76AC02FA23 /* LegacyMigration.swift in Sources */,
				D54B008B6D9741A0002054BB /* LoginItemService.swift in Sources */,
				529A9D03AD998DAE8ADB2A00 /* MenuPrefsView.swift in Sources */,
				CBE9A7D84EC7FB0CD880BA51 /* PasteService.swift in Sources */,
				B7B65D3023B9F10BA44E782E /* PreferencesView.swift in Sources */,
				A4C24CFC70012228839FBA18 /* ScriptEngine.swift in Sources */,
				03BE0E0A2BE4CD13C915121A /* ScriptableClip.swift in Sources */,
				9BB7C546A30CC1666078A52B /* ShortcutsPrefsView.swift in Sources */,
				49010720EA3588BD56645417 /* Snippet.swift in Sources */,
				87A7B382426FBCFEB7553409 /* SnippetFolder.swift in Sources */,
				A50FD9C591A6F8E6E86F6075 /* SnippetSection.swift in Sources */,
				BDE2E92131BD9586D21FB6FD /* SnippetService.swift in Sources */,
				4611B4DE54886E009EE9970F /* SnippetsPrefsView.swift in Sources */,
			);
			runOnlyForDeploymentPostprocessing = 0;
		};
/* End PBXSourcesBuildPhase section */

/* Begin XCBuildConfiguration section */
		4D8DEF6CD0EEAA9714466483 /* Release */ = {
			isa = XCBuildConfiguration;
			buildSettings = {
				ALWAYS_SEARCH_USER_PATHS = NO;
				CLANG_ANALYZER_NONNULL = YES;
				CLANG_ANALYZER_NUMBER_OBJECT_CONVERSION = YES_AGGRESSIVE;
				CLANG_CXX_LANGUAGE_STANDARD = "gnu++14";
				CLANG_CXX_LIBRARY = "libc++";
				CLANG_ENABLE_MODULES = YES;
				CLANG_ENABLE_OBJC_ARC = YES;
				CLANG_ENABLE_OBJC_WEAK = YES;
				CLANG_WARN_BLOCK_CAPTURE_AUTORELEASING = YES;
				CLANG_WARN_BOOL_CONVERSION = YES;
				CLANG_WARN_COMMA = YES;
				CLANG_WARN_CONSTANT_CONVERSION = YES;
				CLANG_WARN_DEPRECATED_OBJC_IMPLEMENTATIONS = YES;
				CLANG_WARN_DIRECT_OBJC_ISA_USAGE = YES_ERROR;
				CLANG_WARN_DOCUMENTATION_COMMENTS = YES;
				CLANG_WARN_EMPTY_BODY = YES;
				CLANG_WARN_ENUM_CONVERSION = YES;
				CLANG_WARN_INFINITE_RECURSION = YES;
				CLANG_WARN_INT_CONVERSION = YES;
				CLANG_WARN_NON_LITERAL_NULL_CONVERSION = YES;
				CLANG_WARN_OBJC_IMPLICIT_RETAIN_SELF = YES;
				CLANG_WARN_OBJC_LITERAL_CONVERSION = YES;
				CLANG_WARN_OBJC_ROOT_CLASS = YES_ERROR;
				CLANG_WARN_QUOTED_INCLUDE_IN_FRAMEWORK_HEADER = YES;
				CLANG_WARN_RANGE_LOOP_ANALYSIS = YES;
				CLANG_WARN_STRICT_PROTOTYPES = YES;
				CLANG_WARN_SUSPICIOUS_MOVE = YES;
				CLANG_WARN_UNGUARDED_AVAILABILITY = YES_AGGRESSIVE;
				CLANG_WARN_UNREACHABLE_CODE = YES;
				CLANG_WARN__DUPLICATE_METHOD_MATCH = YES;
				COPY_PHASE_STRIP = NO;
				DEBUG_INFORMATION_FORMAT = "dwarf-with-dsym";
				ENABLE_NS_ASSERTIONS = NO;
				ENABLE_STRICT_OBJC_MSGSEND = YES;
				GCC_C_LANGUAGE_STANDARD = gnu11;
				GCC_NO_COMMON_BLOCKS = YES;
				GCC_WARN_64_TO_32_BIT_CONVERSION = YES;
				GCC_WARN_ABOUT_RETURN_TYPE = YES_ERROR;
				GCC_WARN_UNDECLARED_SELECTOR = YES;
				GCC_WARN_UNINITIALIZED_AUTOS = YES_AGGRESSIVE;
				GCC_WARN_UNUSED_FUNCTION = YES;
				GCC_WARN_UNUSED_VARIABLE = YES;
				MACOSX_DEPLOYMENT_TARGET = 14.0;
				MTL_ENABLE_DEBUG_INFO = NO;
				MTL_FAST_MATH = YES;
				PRODUCT_NAME = "$(TARGET_NAME)";
				SDKROOT = macosx;
				SWIFT_COMPILATION_MODE = wholemodule;
				SWIFT_OPTIMIZATION_LEVEL = "-O";
				SWIFT_VERSION = 5.0;
			};
			name = Release;
		};
		766973F3AF86C41151F11C36 /* Release */ = {
			isa = XCBuildConfiguration;
			buildSettings = {
				ASSETCATALOG_COMPILER_APPICON_NAME = AppIcon;
				CODE_SIGN_ENTITLEMENTS = ClipMenu.entitlements;
				CODE_SIGN_STYLE = Automatic;
				COMBINE_HIDPI_IMAGES = YES;
				COPY_PHASE_STRIP = NO;
				CURRENT_PROJECT_VERSION = 1;
				DEBUG_INFORMATION_FORMAT = "dwarf-with-dsym";
				ENABLE_HARDENED_RUNTIME = YES;
				GENERATE_INFOPLIST_FILE = YES;
				INFOPLIST_KEY_CFBundleDisplayName = ClipMenu;
				INFOPLIST_KEY_LSUIElement = YES;
				INFOPLIST_KEY_NSPrincipalClass = NSApplication;
				LD_RUNPATH_SEARCH_PATHS = (
					"$(inherited)",
					"@executable_path/../Frameworks",
				);
				MACOSX_DEPLOYMENT_TARGET = 14.0;
				MARKETING_VERSION = 1.0.0;
				PRODUCT_BUNDLE_IDENTIFIER = com.naotaka.ClipMenu;
				PRODUCT_NAME = ClipMenu;
				SDKROOT = macosx;
				SWIFT_OPTIMIZATION_LEVEL = "-O";
				SWIFT_VERSION = 5.9;
			};
			name = Release;
		};
		8AD49DDCE0CCCD152CD9A186 /* Debug */ = {
			isa = XCBuildConfiguration;
			buildSettings = {
				ALWAYS_SEARCH_USER_PATHS = NO;
				CLANG_ANALYZER_NONNULL = YES;
				CLANG_ANALYZER_NUMBER_OBJECT_CONVERSION = YES_AGGRESSIVE;
				CLANG_CXX_LANGUAGE_STANDARD = "gnu++14";
				CLANG_CXX_LIBRARY = "libc++";
				CLANG_ENABLE_MODULES = YES;
				CLANG_ENABLE_OBJC_ARC = YES;
				CLANG_ENABLE_OBJC_WEAK = YES;
				CLANG_WARN_BLOCK_CAPTURE_AUTORELEASING = YES;
				CLANG_WARN_BOOL_CONVERSION = YES;
				CLANG_WARN_COMMA = YES;
				CLANG_WARN_CONSTANT_CONVERSION = YES;
				CLANG_WARN_DEPRECATED_OBJC_IMPLEMENTATIONS = YES;
				CLANG_WARN_DIRECT_OBJC_ISA_USAGE = YES_ERROR;
				CLANG_WARN_DOCUMENTATION_COMMENTS = YES;
				CLANG_WARN_EMPTY_BODY = YES;
				CLANG_WARN_ENUM_CONVERSION = YES;
				CLANG_WARN_INFINITE_RECURSION = YES;
				CLANG_WARN_INT_CONVERSION = YES;
				CLANG_WARN_NON_LITERAL_NULL_CONVERSION = YES;
				CLANG_WARN_OBJC_IMPLICIT_RETAIN_SELF = YES;
				CLANG_WARN_OBJC_LITERAL_CONVERSION = YES;
				CLANG_WARN_OBJC_ROOT_CLASS = YES_ERROR;
				CLANG_WARN_QUOTED_INCLUDE_IN_FRAMEWORK_HEADER = YES;
				CLANG_WARN_RANGE_LOOP_ANALYSIS = YES;
				CLANG_WARN_STRICT_PROTOTYPES = YES;
				CLANG_WARN_SUSPICIOUS_MOVE = YES;
				CLANG_WARN_UNGUARDED_AVAILABILITY = YES_AGGRESSIVE;
				CLANG_WARN_UNREACHABLE_CODE = YES;
				CLANG_WARN__DUPLICATE_METHOD_MATCH = YES;
				COPY_PHASE_STRIP = NO;
				DEBUG_INFORMATION_FORMAT = dwarf;
				ENABLE_STRICT_OBJC_MSGSEND = YES;
				ENABLE_TESTABILITY = YES;
				GCC_C_LANGUAGE_STANDARD = gnu11;
				GCC_DYNAMIC_NO_PIC = NO;
				GCC_NO_COMMON_BLOCKS = YES;
				GCC_OPTIMIZATION_LEVEL = 0;
				GCC_PREPROCESSOR_DEFINITIONS = (
					"$(inherited)",
					"DEBUG=1",
				);
				GCC_WARN_64_TO_32_BIT_CONVERSION = YES;
				GCC_WARN_ABOUT_RETURN_TYPE = YES_ERROR;
				GCC_WARN_UNDECLARED_SELECTOR = YES;
				GCC_WARN_UNINITIALIZED_AUTOS = YES_AGGRESSIVE;
				GCC_WARN_UNUSED_FUNCTION = YES;
				GCC_WARN_UNUSED_VARIABLE = YES;
				MACOSX_DEPLOYMENT_TARGET = 14.0;
				MTL_ENABLE_DEBUG_INFO = INCLUDE_SOURCE;
				MTL_FAST_MATH = YES;
				ONLY_ACTIVE_ARCH = YES;
				PRODUCT_NAME = "$(TARGET_NAME)";
				SDKROOT = macosx;
				SWIFT_ACTIVE_COMPILATION_CONDITIONS = DEBUG;
				SWIFT_OPTIMIZATION_LEVEL = "-Onone";
				SWIFT_VERSION = 5.0;
			};
			name = Debug;
		};
		F1AEEC31C7782053C3601DD8 /* Debug */ = {
			isa = XCBuildConfiguration;
			buildSettings = {
				ASSETCATALOG_COMPILER_APPICON_NAME = AppIcon;
				CODE_SIGN_ENTITLEMENTS = ClipMenu.entitlements;
				CODE_SIGN_STYLE = Automatic;
				COMBINE_HIDPI_IMAGES = YES;
				CURRENT_PROJECT_VERSION = 1;
				DEBUG_INFORMATION_FORMAT = dwarf;
				ENABLE_HARDENED_RUNTIME = YES;
				GENERATE_INFOPLIST_FILE = YES;
				INFOPLIST_KEY_CFBundleDisplayName = ClipMenu;
				INFOPLIST_KEY_LSUIElement = YES;
				INFOPLIST_KEY_NSPrincipalClass = NSApplication;
				LD_RUNPATH_SEARCH_PATHS = (
					"$(inherited)",
					"@executable_path/../Frameworks",
				);
				MACOSX_DEPLOYMENT_TARGET = 14.0;
				MARKETING_VERSION = 1.0.0;
				PRODUCT_BUNDLE_IDENTIFIER = com.naotaka.ClipMenu;
				PRODUCT_NAME = ClipMenu;
				SDKROOT = macosx;
				SWIFT_ACTIVE_COMPILATION_CONDITIONS = DEBUG;
				SWIFT_OPTIMIZATION_LEVEL = "-Onone";
				SWIFT_VERSION = 5.9;
			};
			name = Debug;
		};
/* End XCBuildConfiguration section */

/* Begin XCConfigurationList section */
		0B71DAA28DD07193080501BD /* Build configuration list for PBXProject "ClipMenu" */ = {
			isa = XCConfigurationList;
			buildConfigurations = (
				8AD49DDCE0CCCD152CD9A186 /* Debug */,
				4D8DEF6CD0EEAA9714466483 /* Release */,
			);
			defaultConfigurationIsVisible = 0;
			defaultConfigurationName = Debug;
		};
		E3B0307747AE67BBBB721575 /* Build configuration list for PBXNativeTarget "ClipMenu" */ = {
			isa = XCConfigurationList;
			buildConfigurations = (
				F1AEEC31C7782053C3601DD8 /* Debug */,
				766973F3AF86C41151F11C36 /* Release */,
			);
			defaultConfigurationIsVisible = 0;
			defaultConfigurationName = Debug;
		};
/* End XCConfigurationList section */

/* Begin XCRemoteSwiftPackageReference section */
		6EF56059E79D1ADDB3EB9054 /* XCRemoteSwiftPackageReference "KeyboardShortcuts" */ = {
			isa = XCRemoteSwiftPackageReference;
			repositoryURL = "https://github.com/sindresorhus/KeyboardShortcuts";
			requirement = {
				kind = upToNextMajorVersion;
				minimumVersion = 2.0.0;
			};
		};
/* End XCRemoteSwiftPackageReference section */

/* Begin XCSwiftPackageProductDependency section */
		D3A2344418DAEC005417850D /* KeyboardShortcuts */ = {
			isa = XCSwiftPackageProductDependency;
			package = 6EF56059E79D1ADDB3EB9054 /* XCRemoteSwiftPackageReference "KeyboardShortcuts" */;
			productName = KeyboardShortcuts;
		};
/* End XCSwiftPackageProductDependency section */
	};
	rootObject = C147721A06508A644C48BA07 /* Project object */;
}
